
Microsoft Visual Studio Solution File, Format Version 12.00
# Visual Studio Version 16
VisualStudioVersion = 16.0.30406.217
MinimumVisualStudioVersion = 10.0.40219.1
Project("{FAE04EC0-301F-11D3-BF4B-00C04F79EFBC}") = "EPGWPF", "EPGWPF\EPGWPF.csproj", "{9AD97EE6-AC2E-4471-A173-2E7FB6D813A1}"
EndProject
Global
	GlobalSection(SolutionConfigurationPlatforms) = preSolution
		Debug|Any CPU = Debug|Any CPU
		Release|Any CPU = Release|Any CPU
	EndGlobalSection
	GlobalSection(ProjectConfigurationPlatforms) = postSolution
		{9AD97EE6-AC2E-4471-A173-2E7FB6D813A1}.Debug|Any CPU.ActiveCfg = Debug|Any CPU
		{9AD97EE6-AC2E-4471-A173-2E7FB6D813A1}.Debug|Any CPU.Build.0 = Debug|Any CPU
		{9AD97EE6-AC2E-4471-A173-2E7FB6D813A1}.Release|Any CPU.ActiveCfg = Release|Any CPU
		{9AD97EE6-AC2E-4471-A173-2E7FB6D813A1}.Release|Any CPU.Build.0 = Release|Any CPU
	EndGlobalSection
	GlobalSection(SolutionProperties) = preSolution
		HideSolutionNode = FALSE
	EndGlobalSection
	GlobalSection(ExtensibilityGlobals) = postSolution
		SolutionGuid = {6DC7E3D1-520C-4617-B6AA-BC5477DB38B8}
	EndGlobalSection
EndGlobal
